
Microsoft Visual Studio Solution File, Format Version 12.00
# Visual Studio 15
VisualStudioVersion = 15.0.27428.2015
MinimumVisualStudioVersion = 10.0.40219.1
Project("{FAE04EC0-301F-11D3-BF4B-00C04F79EFBC}") = "Code.Smells.Lib", "Code.Smells.Lib\Code.Smells.Lib.csproj", "{48EF9D43-68FE-46B5-82AA-A273F684A302}"
EndProject
Global
	GlobalSection(SolutionConfigurationPlatforms) = preSolution
		Debug|Any CPU = Debug|Any CPU
		Release|Any CPU = Release|Any CPU
	EndGlobalSection
	GlobalSection(ProjectConfigurationPlatforms) = postSolution
		{48EF9D43-68FE-46B5-82AA-A273F684A302}.Debug|Any CPU.ActiveCfg = Debug|Any CPU
		{48EF9D43-68FE-46B5-82AA-A273F684A302}.Debug|Any CPU.Build.0 = Debug|Any CPU
		{48EF9D43-68FE-46B5-82AA-A273F684A302}.Release|Any CPU.ActiveCfg = Release|Any CPU
		{48EF9D43-68FE-46B5-82AA-A273F684A302}.Release|Any CPU.Build.0 = Release|Any CPU
	EndGlobalSection
	GlobalSection(SolutionProperties) = preSolution
		HideSolutionNode = FALSE
	EndGlobalSection
	GlobalSection(ExtensibilityGlobals) = postSolution
		SolutionGuid = {B94B015A-2C83-42CB-AFC3-745F9B587B87}
	EndGlobalSection
EndGlobal
